
Microsoft Visual Studio Solution File, Format Version 12.00
# Visual Studio Version 16
VisualStudioVersion = 16.0.29911.98
MinimumVisualStudioVersion = 10.0.40219.1
Project("{FAE04EC0-301F-11D3-BF4B-00C04F79EFBC}") = "flight1", "flight1\flight1.csproj", "{D64E241E-5B4D-4E62-892F-E66B2BEBE200}"
EndProject
Global
	GlobalSection(SolutionConfigurationPlatforms) = preSolution
		Debug|Any CPU = Debug|Any CPU
		Release|Any CPU = Release|Any CPU
	EndGlobalSection
	GlobalSection(ProjectConfigurationPlatforms) = postSolution
		{D64E241E-5B4D-4E62-892F-E66B2BEBE200}.Debug|Any CPU.ActiveCfg = Debug|Any CPU
		{D64E241E-5B4D-4E62-892F-E66B2BEBE200}.Debug|Any CPU.Build.0 = Debug|Any CPU
		{D64E241E-5B4D-4E62-892F-E66B2BEBE200}.Release|Any CPU.ActiveCfg = Release|Any CPU
		{D64E241E-5B4D-4E62-892F-E66B2BEBE200}.Release|Any CPU.Build.0 = Release|Any CPU
	EndGlobalSection
	GlobalSection(SolutionProperties) = preSolution
		HideSolutionNode = FALSE
	EndGlobalSection
	GlobalSection(ExtensibilityGlobals) = postSolution
		SolutionGuid = {604CB7DB-6092-4B2C-8C21-88F1685FAFE8}
	EndGlobalSection
EndGlobal
